// !$*UTF8*$!
{
	archiveVersion = 1;
	classes = {
	};
	objectVersion = 56;
	objects = {

/* Begin PBXBuildFile section */
		B095000328D71425005FBE49 /* AmountCellTableViewCell.swift in Sources */ = {isa = PBXBuildFile; fileRef = B095000128D71425005FBE49 /* AmountCellTableViewCell.swift */; };
		B095000428D71425005FBE49 /* AmountCellTableViewCell.xib in Resources */ = {isa = PBXBuildFile; fileRef = B095000228D71425005FBE49 /* AmountCellTableViewCell.xib */; };
		B095000628D714EE005FBE49 /* NumberRollingLabel.swift in Sources */ = {isa = PBXBuildFile; fileRef = B095000528D714EE005FBE49 /* NumberRollingLabel.swift */; };
		B095000928D8015D005FBE49 /* WithdrawTableViewCell.swift in Sources */ = {isa = PBXBuildFile; fileRef = B095000728D8015D005FBE49 /* WithdrawTableViewCell.swift */; };
		B095000A28D8015D005FBE49 /* WithdrawTableViewCell.xib in Resources */ = {isa = PBXBuildFile; fileRef = B095000828D8015D005FBE49 /* WithdrawTableViewCell.xib */; };
		B095000D28D80324005FBE49 /* DepositTableViewCell.swift in Sources */ = {isa = PBXBuildFile; fileRef = B095000B28D80324005FBE49 /* DepositTableViewCell.swift */; };
		B095000E28D80324005FBE49 /* DepositTableViewCell.xib in Resources */ = {isa = PBXBuildFile; fileRef = B095000C28D80324005FBE49 /* DepositTableViewCell.xib */; };
		B095001028D80B60005FBE49 /* SwiftUIPreview.swift in Sources */ = {isa = PBXBuildFile; fileRef = B095000F28D80B60005FBE49 /* SwiftUIPreview.swift */; };
		B095FFED28D7118A005FBE49 /* AppDelegate.swift in Sources */ = {isa = PBXBuildFile; fileRef = B095FFEC28D7118A005FBE49 /* AppDelegate.swift */; };
		B095FFEF28D7118A005FBE49 /* SceneDelegate.swift in Sources */ = {isa = PBXBuildFile; fileRef = B095FFEE28D7118A005FBE49 /* SceneDelegate.swift */; };
		B095FFF128D7118A005FBE49 /* ViewController.swift in Sources */ = {isa = PBXBuildFile; fileRef = B095FFF028D7118A005FBE49 /* ViewController.swift */; };
		B095FFF428D7118A005FBE49 /* Main.storyboard in Resources */ = {isa = PBXBuildFile; fileRef = B095FFF228D7118A005FBE49 /* Main.storyboard */; };
		B095FFF628D7118B005FBE49 /* Assets.xcassets in Resources */ = {isa = PBXBuildFile; fileRef = B095FFF528D7118B005FBE49 /* Assets.xcassets */; };
		B095FFF928D7118B005FBE49 /* LaunchScreen.storyboard in Resources */ = {isa = PBXBuildFile; fileRef = B095FFF728D7118B005FBE49 /* LaunchScreen.storyboard */; };
/* End PBXBuildFile section */

/* Begin PBXFileReference section */
		B095000128D71425005FBE49 /* AmountCellTableViewCell.swift */ = {isa = PBXFileReference; lastKnownFileType = sourcecode.swift; path = AmountCellTableViewCell.swift; sourceTree = "<group>"; };
		B095000228D71425005FBE49 /* AmountCellTableViewCell.xib */ = {isa = PBXFileReference; lastKnownFileType = file.xib; path = AmountCellTableViewCell.xib; sourceTree = "<group>"; };
		B095000528D714EE005FBE49 /* NumberRollingLabel.swift */ = {isa = PBXFileReference; lastKnownFileType = sourcecode.swift; path = NumberRollingLabel.swift; sourceTree = "<group>"; };
		B095000728D8015D005FBE49 /* WithdrawTableViewCell.swift */ = {isa = PBXFileReference; lastKnownFileType = sourcecode.swift; path = WithdrawTableViewCell.swift; sourceTree = "<group>"; };
		B095000828D8015D005FBE49 /* WithdrawTableViewCell.xib */ = {isa = PBXFileReference; lastKnownFileType = file.xib; path = WithdrawTableViewCell.xib; sourceTree = "<group>"; };
		B095000B28D80324005FBE49 /* DepositTableViewCell.swift */ = {isa = PBXFileReference; lastKnownFileType = sourcecode.swift; path = DepositTableViewCell.swift; sourceTree = "<group>"; };
		B095000C28D80324005FBE49 /* DepositTableViewCell.xib */ = {isa = PBXFileReference; lastKnownFileType = file.xib; path = DepositTableViewCell.xib; sourceTree = "<group>"; };
		B095000F28D80B60005FBE49 /* SwiftUIPreview.swift */ = {isa = PBXFileReference; lastKnownFileType = sourcecode.swift; path = SwiftUIPreview.swift; sourceTree = "<group>"; };
		B095FFE928D7118A005FBE49 /* Number_Rolling_demo.app */ = {isa = PBXFileReference; explicitFileType = wrapper.application; includeInIndex = 0; path = Number_Rolling_demo.app; sourceTree = BUILT_PRODUCTS_DIR; };
		B095FFEC28D7118A005FBE49 /* AppDelegate.swift */ = {isa = PBXFileReference; lastKnownFileType = sourcecode.swift; path = AppDelegate.swift; sourceTree = "<group>"; };
		B095FFEE28D7118A005FBE49 /* SceneDelegate.swift */ = {isa = PBXFileReference; lastKnownFileType = sourcecode.swift; path = SceneDelegate.swift; sourceTree = "<group>"; };
		B095FFF028D7118A005FBE49 /* ViewController.swift */ = {isa = PBXFileReference; lastKnownFileType = sourcecode.swift; path = ViewController.swift; sourceTree = "<group>"; };
		B095FFF328D7118A005FBE49 /* Base */ = {isa = PBXFileReference; lastKnownFileType = file.storyboard; name = Base; path = Base.lproj/Main.storyboard; sourceTree = "<group>"; };
		B095FFF528D7118B005FBE49 /* Assets.xcassets */ = {isa = PBXFileReference; lastKnownFileType = folder.assetcatalog; path = Assets.xcassets; sourceTree = "<group>"; };
		B095FFF828D7118B005FBE49 /* Base */ = {isa = PBXFileReference; lastKnownFileType = file.storyboard; name = Base; path = Base.lproj/LaunchScreen.storyboard; sourceTree = "<group>"; };
		B095FFFA28D7118B005FBE49 /* Info.plist */ = {isa = PBXFileReference; lastKnownFileType = text.plist.xml; path = Info.plist; sourceTree = "<group>"; };
/* End PBXFileReference section */

/* Begin PBXFrameworksBuildPhase section */
		B095FFE628D7118A005FBE49 /* Frameworks */ = {
			isa = PBXFrameworksBuildPhase;
			buildActionMask = 2147483647;
			files = (
			);
			runOnlyForDeploymentPostprocessing = 0;
		};
/* End PBXFrameworksBuildPhase section */

/* Begin PBXGroup section */
		B095000028D713EE005FBE49 /* cell */ = {
			isa = PBXGroup;
			children = (
				B095000128D71425005FBE49 /* AmountCellTableViewCell.swift */,
				B095000228D71425005FBE49 /* AmountCellTableViewCell.xib */,
				B095000728D8015D005FBE49 /* WithdrawTableViewCell.swift */,
				B095000828D8015D005FBE49 /* WithdrawTableViewCell.xib */,
				B095000B28D80324005FBE49 /* DepositTableViewCell.swift */,
				B095000C28D80324005FBE49 /* DepositTableViewCell.xib */,
			);
			path = cell;
			sourceTree = "<group>";
		};
		B095FFE028D7118A005FBE49 = {
			isa = PBXGroup;
			children = (
				B095FFEB28D7118A005FBE49 /* Number_Rolling_demo */,
				B095FFEA28D7118A005FBE49 /* Products */,
			);
			sourceTree = "<group>";
		};
		B095FFEA28D7118A005FBE49 /* Products */ = {
			isa = PBXGroup;
			children = (
				B095FFE928D7118A005FBE49 /* Number_Rolling_demo.app */,
			);
			name = Products;
			sourceTree = "<group>";
		};
		B095FFEB28D7118A005FBE49 /* Number_Rolling_demo */ = {
			isa = PBXGroup;
			children = (
				B095FFEC28D7118A005FBE49 /* AppDelegate.swift */,
				B095FFEE28D7118A005FBE49 /* SceneDelegate.swift */,
				B095FFF028D7118A005FBE49 /* ViewController.swift */,
				B095FFF228D7118A005FBE49 /* Main.storyboard */,
				B095000528D714EE005FBE49 /* NumberRollingLabel.swift */,
				B095000028D713EE005FBE49 /* cell */,
				B095FFF528D7118B005FBE49 /* Assets.xcassets */,
				B095FFF728D7118B005FBE49 /* LaunchScreen.storyboard */,
				B095FFFA28D7118B005FBE49 /* Info.plist */,
				B095000F28D80B60005FBE49 /* SwiftUIPreview.swift */,
			);
			path = Number_Rolling_demo;
			sourceTree = "<group>";
		};
/* End PBXGroup section */

/* Begin PBXNativeTarget section */
		B095FFE828D7118A005FBE49 /* Number_Rolling_demo */ = {
			isa = PBXNativeTarget;
			buildConfigurationList = B095FFFD28D7118B005FBE49 /* Build configuration list for PBXNativeTarget "Number_Rolling_demo" */;
			buildPhases = (
				B095FFE528D7118A005FBE49 /* Sources */,
				B095FFE628D7118A005FBE49 /* Frameworks */,
				B095FFE728D7118A005FBE49 /* Resources */,
			);
			buildRules = (
			);
			dependencies = (
			);
			name = Number_Rolling_demo;
			productName = Number_Rolling_demo;
			productReference = B095FFE928D7118A005FBE49 /* Number_Rolling_demo.app */;
			productType = "com.apple.product-type.application";
		};
/* End PBXNativeTarget section */

/* Begin PBXProject section */
		B095FFE128D7118A005FBE49 /* Project object */ = {
			isa = PBXProject;
			attributes = {
				BuildIndependentTargetsInParallel = 1;
				LastSwiftUpdateCheck = 1400;
				LastUpgradeCheck = 1400;
				TargetAttributes = {
					B095FFE828D7118A005FBE49 = {
						CreatedOnToolsVersion = 14.0;
					};
				};
			};
			buildConfigurationList = B095FFE428D7118A005FBE49 /* Build configuration list for PBXProject "Number_Rolling_demo" */;
			compatibilityVersion = "Xcode 14.0";
			developmentRegion = en;
			hasScannedForEncodings = 0;
			knownRegions = (
				en,
				Base,
			);
			mainGroup = B095FFE028D7118A005FBE49;
			productRefGroup = B095FFEA28D7118A005FBE49 /* Products */;
			projectDirPath = "";
			projectRoot = "";
			targets = (
				B095FFE828D7118A005FBE49 /* Number_Rolling_demo */,
			);
		};
/* End PBXProject section */

/* Begin PBXResourcesBuildPhase section */
		B095FFE728D7118A005FBE49 /* Resources */ = {
			isa = PBXResourcesBuildPhase;
			buildActionMask = 2147483647;
			files = (
				B095FFF928D7118B005FBE49 /* LaunchScreen.storyboard in Resources */,
				B095FFF628D7118B005FBE49 /* Assets.xcassets in Resources */,
				B095000E28D80324005FBE49 /* DepositTableViewCell.xib in Resources */,
				B095FFF428D7118A005FBE49 /* Main.storyboard in Resources */,
				B095000A28D8015D005FBE49 /* WithdrawTableViewCell.xib in Resources */,
				B095000428D71425005FBE49 /* AmountCellTableViewCell.xib in Resources */,
			);
			runOnlyForDeploymentPostprocessing = 0;
		};
/* End PBXResourcesBuildPhase section */

/* Begin PBXSourcesBuildPhase section */
		B095FFE528D7118A005FBE49 /* Sources */ = {
			isa = PBXSourcesBuildPhase;
			buildActionMask = 2147483647;
			files = (
				B095FFF128D7118A005FBE49 /* ViewController.swift in Sources */,
				B095000928D8015D005FBE49 /* WithdrawTableViewCell.swift in Sources */,
				B095FFED28D7118A005FBE49 /* AppDelegate.swift in Sources */,
				B095FFEF28D7118A005FBE49 /* SceneDelegate.swift in Sources */,
				B095001028D80B60005FBE49 /* SwiftUIPreview.swift in Sources */,
				B095000328D71425005FBE49 /* AmountCellTableViewCell.swift in Sources */,
				B095000628D714EE005FBE49 /* NumberRollingLabel.swift in Sources */,
				B095000D28D80324005FBE49 /* DepositTableViewCell.swift in Sources */,
			);
			runOnlyForDeploymentPostprocessing = 0;
		};
/* End PBXSourcesBuildPhase section */

/* Begin PBXVariantGroup section */
		B095FFF228D7118A005FBE49 /* Main.storyboard */ = {
			isa = PBXVariantGroup;
			children = (
				B095FFF328D7118A005FBE49 /* Base */,
			);
			name = Main.storyboard;
			sourceTree = "<group>";
		};
		B095FFF728D7118B005FBE49 /* LaunchScreen.storyboard */ = {
			isa = PBXVariantGroup;
			children = (
				B095FFF828D7118B005FBE49 /* Base */,
			);
			name = LaunchScreen.storyboard;
			sourceTree = "<group>";
		};
/* End PBXVariantGroup section */

/* Begin XCBuildConfiguration section */
		B095FFFB28D7118B005FBE49 /* Debug */ = {
			isa = XCBuildConfiguration;
			buildSettings = {
				ALWAYS_SEARCH_USER_PATHS = NO;
				CLANG_ANALYZER_NONNULL = YES;
				CLANG_ANALYZER_NUMBER_OBJECT_CONVERSION = YES_AGGRESSIVE;
				CLANG_CXX_LANGUAGE_STANDARD = "gnu++20";
				CLANG_ENABLE_MODULES = YES;
				CLANG_ENABLE_OBJC_ARC = YES;
				CLANG_ENABLE_OBJC_WEAK = YES;
				CLANG_WARN_BLOCK_CAPTURE_AUTORELEASING = YES;
				CLANG_WARN_BOOL_CONVERSION = YES;
				CLANG_WARN_COMMA = YES;
				CLANG_WARN_CONSTANT_CONVERSION = YES;
				CLANG_WARN_DEPRECATED_OBJC_IMPLEMENTATIONS = YES;
				CLANG_WARN_DIRECT_OBJC_ISA_USAGE = YES_ERROR;
				CLANG_WARN_DOCUMENTATION_COMMENTS = YES;
				CLANG_WARN_EMPTY_BODY = YES;
				CLANG_WARN_ENUM_CONVERSION = YES;
				CLANG_WARN_INFINITE_RECURSION = YES;
				CLANG_WARN_INT_CONVERSION = YES;
				CLANG_WARN_NON_LITERAL_NULL_CONVERSION = YES;
				CLANG_WARN_OBJC_IMPLICIT_RETAIN_SELF = YES;
				CLANG_WARN_OBJC_LITERAL_CONVERSION = YES;
				CLANG_WARN_OBJC_ROOT_CLASS = YES_ERROR;
				CLANG_WARN_QUOTED_INCLUDE_IN_FRAMEWORK_HEADER = YES;
				CLANG_WARN_RANGE_LOOP_ANALYSIS = YES;
				CLANG_WARN_STRICT_PROTOTYPES = YES;
				CLANG_WARN_SUSPICIOUS_MOVE = YES;
				CLANG_WARN_UNGUARDED_AVAILABILITY = YES_AGGRESSIVE;
				CLANG_WARN_UNREACHABLE_CODE = YES;
				CLANG_WARN__DUPLICATE_METHOD_MATCH = YES;
				COPY_PHASE_STRIP = NO;
				DEBUG_INFORMATION_FORMAT = dwarf;
				ENABLE_STRICT_OBJC_MSGSEND = YES;
				ENABLE_TESTABILITY = YES;
				GCC_C_LANGUAGE_STANDARD = gnu11;
				GCC_DYNAMIC_NO_PIC = NO;
				GCC_NO_COMMON_BLOCKS = YES;
				GCC_OPTIMIZATION_LEVEL = 0;
				GCC_PREPROCESSOR_DEFINITIONS = (
					"DEBUG=1",
					"$(inherited)",
				);
				GCC_WARN_64_TO_32_BIT_CONVERSION = YES;
				GCC_WARN_ABOUT_RETURN_TYPE = YES_ERROR;
				GCC_WARN_UNDECLARED_SELECTOR = YES;
				GCC_WARN_UNINITIALIZED_AUTOS = YES_AGGRESSIVE;
				GCC_WARN_UNUSED_FUNCTION = YES;
				GCC_WARN_UNUSED_VARIABLE = YES;
				IPHONEOS_DEPLOYMENT_TARGET = 16.0;
				MTL_ENABLE_DEBUG_INFO = INCLUDE_SOURCE;
				MTL_FAST_MATH = YES;
				ONLY_ACTIVE_ARCH = YES;
				SDKROOT = iphoneos;
				SWIFT_ACTIVE_COMPILATION_CONDITIONS = DEBUG;
				SWIFT_OPTIMIZATION_LEVEL = "-Onone";
			};
			name = Debug;
		};
		B095FFFC28D7118B005FBE49 /* Release */ = {
			isa = XCBuildConfiguration;
			buildSettings = {
				ALWAYS_SEARCH_USER_PATHS = NO;
				CLANG_ANALYZER_NONNULL = YES;
				CLANG_ANALYZER_NUMBER_OBJECT_CONVERSION = YES_AGGRESSIVE;
				CLANG_CXX_LANGUAGE_STANDARD = "gnu++20";
				CLANG_ENABLE_MODULES = YES;
				CLANG_ENABLE_OBJC_ARC = YES;
				CLANG_ENABLE_OBJC_WEAK = YES;
				CLANG_WARN_BLOCK_CAPTURE_AUTORELEASING = YES;
				CLANG_WARN_BOOL_CONVERSION = YES;
				CLANG_WARN_COMMA = YES;
				CLANG_WARN_CONSTANT_CONVERSION = YES;
				CLANG_WARN_DEPRECATED_OBJC_IMPLEMENTATIONS = YES;
				CLANG_WARN_DIRECT_OBJC_ISA_USAGE = YES_ERROR;
				CLANG_WARN_DOCUMENTATION_COMMENTS = YES;
				CLANG_WARN_EMPTY_BODY = YES;
				CLANG_WARN_ENUM_CONVERSION = YES;
				CLANG_WARN_INFINITE_RECURSION = YES;
				CLANG_WARN_INT_CONVERSION = YES;
				CLANG_WARN_NON_LITERAL_NULL_CONVERSION = YES;
				CLANG_WARN_OBJC_IMPLICIT_RETAIN_SELF = YES;
				CLANG_WARN_OBJC_LITERAL_CONVERSION = YES;
				CLANG_WARN_OBJC_ROOT_CLASS = YES_ERROR;
				CLANG_WARN_QUOTED_INCLUDE_IN_FRAMEWORK_HEADER = YES;
				CLANG_WARN_RANGE_LOOP_ANALYSIS = YES;
				CLANG_WARN_STRICT_PROTOTYPES = YES;
				CLANG_WARN_SUSPICIOUS_MOVE = YES;
				CLANG_WARN_UNGUARDED_AVAILABILITY = YES_AGGRESSIVE;
				CLANG_WARN_UNREACHABLE_CODE = YES;
				CLANG_WARN__DUPLICATE_METHOD_MATCH = YES;
				COPY_PHASE_STRIP = NO;
				DEBUG_INFORMATION_FORMAT = "dwarf-with-dsym";
				ENABLE_NS_ASSERTIONS = NO;
				ENABLE_STRICT_OBJC_MSGSEND = YES;
				GCC_C_LANGUAGE_STANDARD = gnu11;
				GCC_NO_COMMON_BLOCKS = YES;
				GCC_WARN_64_TO_32_BIT_CONVERSION = YES;
				GCC_WARN_ABOUT_RETURN_TYPE = YES_ERROR;
				GCC_WARN_UNDECLARED_SELECTOR = YES;
				GCC_WARN_UNINITIALIZED_AUTOS = YES_AGGRESSIVE;
				GCC_WARN_UNUSED_FUNCTION = YES;
				GCC_WARN_UNUSED_VARIABLE = YES;
				IPHONEOS_DEPLOYMENT_TARGET = 16.0;
				MTL_ENABLE_DEBUG_INFO = NO;
				MTL_FAST_MATH = YES;
				SDKROOT = iphoneos;
				SWIFT_COMPILATION_MODE = wholemodule;
				SWIFT_OPTIMIZATION_LEVEL = "-O";
				VALIDATE_PRODUCT = YES;
			};
			name = Release;
		};
		B095FFFE28D7118B005FBE49 /* Debug */ = {
			isa = XCBuildConfiguration;
			buildSettings = {
				ASSETCATALOG_COMPILER_APPICON_NAME = AppIcon;
				ASSETCATALOG_COMPILER_GLOBAL_ACCENT_COLOR_NAME = AccentColor;
				CODE_SIGN_STYLE = Automatic;
				CURRENT_PROJECT_VERSION = 1;
				DEVELOPMENT_TEAM = H786VSWB8F;
				GENERATE_INFOPLIST_FILE = YES;
				INFOPLIST_FILE = Number_Rolling_demo/Info.plist;
				INFOPLIST_KEY_UIApplicationSupportsIndirectInputEvents = YES;
				INFOPLIST_KEY_UILaunchStoryboardName = LaunchScreen;
				INFOPLIST_KEY_UIMainStoryboardFile = Main;
				INFOPLIST_KEY_UISupportedInterfaceOrientations_iPad = "UIInterfaceOrientationPortrait UIInterfaceOrientationPortraitUpsideDown UIInterfaceOrientationLandscapeLeft UIInterfaceOrientationLandscapeRight";
				INFOPLIST_KEY_UISupportedInterfaceOrientations_iPhone = "UIInterfaceOrientationPortrait UIInterfaceOrientationLandscapeLeft UIInterfaceOrientationLandscapeRight";
				LD_RUNPATH_SEARCH_PATHS = (
					"$(inherited)",
					"@executable_path/Frameworks",
				);
				MARKETING_VERSION = 1.0;
				PRODUCT_BUNDLE_IDENTIFIER = "FocusGuide.com.Number-Rolling-demo";
				PRODUCT_NAME = "$(TARGET_NAME)";
				SWIFT_EMIT_LOC_STRINGS = YES;
				SWIFT_VERSION = 5.0;
				TARGETED_DEVICE_FAMILY = "1,2";
			};
			name = Debug;
		};
		B095FFFF28D7118B005FBE49 /* Release */ = {
			isa = XCBuildConfiguration;
			buildSettings = {
				ASSETCATALOG_COMPILER_APPICON_NAME = AppIcon;
				ASSETCATALOG_COMPILER_GLOBAL_ACCENT_COLOR_NAME = AccentColor;
				CODE_SIGN_STYLE = Automatic;
				CURRENT_PROJECT_VERSION = 1;
				DEVELOPMENT_TEAM = H786VSWB8F;
				GENERATE_INFOPLIST_FILE = YES;
				INFOPLIST_FILE = Number_Rolling_demo/Info.plist;
				INFOPLIST_KEY_UIApplicationSupportsIndirectInputEvents = YES;
				INFOPLIST_KEY_UILaunchStoryboardName = LaunchScreen;
				INFOPLIST_KEY_UIMainStoryboardFile = Main;
				INFOPLIST_KEY_UISupportedInterfaceOrientations_iPad = "UIInterfaceOrientationPortrait UIInterfaceOrientationPortraitUpsideDown UIInterfaceOrientationLandscapeLeft UIInterfaceOrientationLandscapeRight";
				INFOPLIST_KEY_UISupportedInterfaceOrientations_iPhone = "UIInterfaceOrientationPortrait UIInterfaceOrientationLandscapeLeft UIInterfaceOrientationLandscapeRight";
				LD_RUNPATH_SEARCH_PATHS = (
					"$(inherited)",
					"@executable_path/Frameworks",
				);
				MARKETING_VERSION = 1.0;
				PRODUCT_BUNDLE_IDENTIFIER = "FocusGuide.com.Number-Rolling-demo";
				PRODUCT_NAME = "$(TARGET_NAME)";
				SWIFT_EMIT_LOC_STRINGS = YES;
				SWIFT_VERSION = 5.0;
				TARGETED_DEVICE_FAMILY = "1,2";
			};
			name = Release;
		};
/* End XCBuildConfiguration section */

/* Begin XCConfigurationList section */
		B095FFE428D7118A005FBE49 /* Build configuration list for PBXProject "Number_Rolling_demo" */ = {
			isa = XCConfigurationList;
			buildConfigurations = (
				B095FFFB28D7118B005FBE49 /* Debug */,
				B095FFFC28D7118B005FBE49 /* Release */,
			);
			defaultConfigurationIsVisible = 0;
			defaultConfigurationName = Release;
		};
		B095FFFD28D7118B005FBE49 /* Build configuration list for PBXNativeTarget "Number_Rolling_demo" */ = {
			isa = XCConfigurationList;
			buildConfigurations = (
				B095FFFE28D7118B005FBE49 /* Debug */,
				B095FFFF28D7118B005FBE49 /* Release */,
			);
			defaultConfigurationIsVisible = 0;
			defaultConfigurationName = Release;
		};
/* End XCConfigurationList section */
	};
	rootObject = B095FFE128D7118A005FBE49 /* Project object */;
}
